
Microsoft Visual Studio Solution File, Format Version 12.00
# Visual Studio Version 17
VisualStudioVersion = 17.9.34902.65
MinimumVisualStudioVersion = 10.0.40219.1
Project("{9A19103F-16F7-4668-BE54-9A1E7A4F7556}") = "Straighten", "Straighten\Straighten.csproj", "{C03C23DB-E95F-4213-A903-42AA54B622AC}"
EndProject
Global
	GlobalSection(SolutionConfigurationPlatforms) = preSolution
		Debug|Any CPU = Debug|Any CPU
		Lankahost|Any CPU = Lankahost|Any CPU
		Release|Any CPU = Release|Any CPU
	EndGlobalSection
	GlobalSection(ProjectConfigurationPlatforms) = postSolution
		{C03C23DB-E95F-4213-A903-42AA54B622AC}.Debug|Any CPU.ActiveCfg = Debug|Any CPU
		{C03C23DB-E95F-4213-A903-42AA54B622AC}.Debug|Any CPU.Build.0 = Debug|Any CPU
		{C03C23DB-E95F-4213-A903-42AA54B622AC}.Lankahost|Any CPU.ActiveCfg = Lankahost|Any CPU
		{C03C23DB-E95F-4213-A903-42AA54B622AC}.Lankahost|Any CPU.Build.0 = Lankahost|Any CPU
		{C03C23DB-E95F-4213-A903-42AA54B622AC}.Release|Any CPU.ActiveCfg = Release|Any CPU
		{C03C23DB-E95F-4213-A903-42AA54B622AC}.Release|Any CPU.Build.0 = Release|Any CPU
	EndGlobalSection
	GlobalSection(SolutionProperties) = preSolution
		HideSolutionNode = FALSE
	EndGlobalSection
	GlobalSection(ExtensibilityGlobals) = postSolution
		SolutionGuid = {7E64AE5F-7058-494A-A29B-C61721454773}
	EndGlobalSection
EndGlobal
